
Microsoft Visual Studio Solution File, Format Version 12.00
# Visual Studio Version 17
VisualStudioVersion = 17.1.32421.90
MinimumVisualStudioVersion = 10.0.40219.1
Project("{FAE04EC0-301F-11D3-BF4B-00C04F79EFBC}") = "Homework10", "Homework10\Homework10.csproj", "{9D15B69B-A0A5-4CD5-9CD0-C3BC9A6889BC}"
EndProject
Global
	GlobalSection(SolutionConfigurationPlatforms) = preSolution
		Debug|Any CPU = Debug|Any CPU
		Release|Any CPU = Release|Any CPU
	EndGlobalSection
	GlobalSection(ProjectConfigurationPlatforms) = postSolution
		{9D15B69B-A0A5-4CD5-9CD0-C3BC9A6889BC}.Debug|Any CPU.ActiveCfg = Debug|Any CPU
		{9D15B69B-A0A5-4CD5-9CD0-C3BC9A6889BC}.Debug|Any CPU.Build.0 = Debug|Any CPU
		{9D15B69B-A0A5-4CD5-9CD0-C3BC9A6889BC}.Release|Any CPU.ActiveCfg = Release|Any CPU
		{9D15B69B-A0A5-4CD5-9CD0-C3BC9A6889BC}.Release|Any CPU.Build.0 = Release|Any CPU
	EndGlobalSection
	GlobalSection(SolutionProperties) = preSolution
		HideSolutionNode = FALSE
	EndGlobalSection
	GlobalSection(ExtensibilityGlobals) = postSolution
		SolutionGuid = {37199C4E-05F5-4018-BD9B-351C689014A8}
	EndGlobalSection
EndGlobal
